# THIS IS AN AUTOGENERATED FILE. DO NOT EDIT THIS FILE DIRECTLY.
# yarn lockfile v1


csv-parse@^4.14.2:
  version "4.14.2"
  resolved "https://registry.yarnpkg.com/csv-parse/-/csv-parse-4.14.2.tgz#c1329cff95a99b8773a92c4e62f8bff114b34726"
  integrity sha512-YE2xlTKtM035/94llhgsp9qFQxGi47EkQJ1pZ+mLT/98GpIsbjkMGAb7Rmu9hNxVfYFOLf10hP+rPVqnoccLgw==

csv-stringify@^5.5.3:
  version "5.5.3"
  resolved "https://registry.yarnpkg.com/csv-stringify/-/csv-stringify-5.5.3.tgz#b7a287daee7492de3722b13dccb238f2d60db522"
  integrity sha512-JKG8vIHpWPzdilp2SAmvjmAiIhD+XGKGdhZBGi8QIECgJAsFr7k5CmJIW2QkSxBBsctvmojM25s+UINzQ5NLTg==

emitter-component@^1.1.1:
  version "1.1.1"
  resolved "https://registry.yarnpkg.com/emitter-component/-/emitter-component-1.1.1.tgz#065e2dbed6959bf470679edabeaf7981d1003ab6"
  integrity sha1-Bl4tvtaVm/RwZ57avq95gdEAOrY=

stream@^0.0.2:
  version "0.0.2"
  resolved "https://registry.yarnpkg.com/stream/-/stream-0.0.2.tgz#7f5363f057f6592c5595f00bc80a27f5cec1f0ef"
  integrity sha1-f1Nj8Ff2WSxVlfALyAon9c7B8O8=
  dependencies:
    emitter-component "^1.1.1"

xhr2@^0.2.0:
  version "0.2.0"
  resolved "https://registry.yarnpkg.com/xhr2/-/xhr2-0.2.0.tgz#eddeff782f3b7551061b8d75645085269396e521"
  integrity sha512-BDtiD0i2iKPK/S8OAZfpk6tyzEDnKKSjxWHcMBVmh+LuqJ8A32qXTyOx+TVOg2dKvq6zGBq2sgKPkEeRs1qTRA==
