# THIS IS AN AUTOGENERATED FILE. DO NOT EDIT THIS FILE DIRECTLY.
# yarn lockfile v1


blob-polyfill@^4.0.20200601:
  version "4.0.20200601"
  resolved "https://registry.yarnpkg.com/blob-polyfill/-/blob-polyfill-4.0.20200601.tgz#16430e9e50d63e122c6aac18b31f5f0bc8c0bf92"
  integrity sha512-1jB6WOIp6IDxNyng5+9A8g/f0uiphib2ELCN+XAnlssinsW8s1k4VYG9b1TxIUd3pdm9RJSLQuBh6iohYmD4hA==

cross-blob@^2.0.0:
  version "2.0.0"
  resolved "https://registry.yarnpkg.com/cross-blob/-/cross-blob-2.0.0.tgz#a7cf1901c746b606ec31e0d04838d18888ea35a4"
  integrity sha512-NWzFuyG4GTZnM9MtQvjPYVlO12lZCSBdoHIHCZl9WKShsK3CqO+bEH7nuKwlVomlByb37XvT6nVY5uQxDBmk5Q==
  dependencies:
    blob-polyfill "^4.0.20200601"
    fetch-blob "^2.0.1"

csv-parse@^4.14.2:
  version "4.14.2"
  resolved "https://registry.yarnpkg.com/csv-parse/-/csv-parse-4.14.2.tgz#c1329cff95a99b8773a92c4e62f8bff114b34726"
  integrity sha512-YE2xlTKtM035/94llhgsp9qFQxGi47EkQJ1pZ+mLT/98GpIsbjkMGAb7Rmu9hNxVfYFOLf10hP+rPVqnoccLgw==

csv-stringify@^5.5.3:
  version "5.5.3"
  resolved "https://registry.yarnpkg.com/csv-stringify/-/csv-stringify-5.5.3.tgz#b7a287daee7492de3722b13dccb238f2d60db522"
  integrity sha512-JKG8vIHpWPzdilp2SAmvjmAiIhD+XGKGdhZBGi8QIECgJAsFr7k5CmJIW2QkSxBBsctvmojM25s+UINzQ5NLTg==

emitter-component@^1.1.1:
  version "1.1.1"
  resolved "https://registry.yarnpkg.com/emitter-component/-/emitter-component-1.1.1.tgz#065e2dbed6959bf470679edabeaf7981d1003ab6"
  integrity sha1-Bl4tvtaVm/RwZ57avq95gdEAOrY=

export-to-csv@^0.2.1:
  version "0.2.1"
  resolved "https://registry.yarnpkg.com/export-to-csv/-/export-to-csv-0.2.1.tgz#8f997156feebc1cf995096da16341aa0100cce4e"
  integrity sha512-KTbrd3CAZ0cFceJEZr1e5uiMasabeCpXq1/5uvVxDl53o4jXJHnltasQoj2NkzrxD8hU9kdwjnMhoir/7nNx/A==

fetch-blob@^2.0.1:
  version "2.1.1"
  resolved "https://registry.yarnpkg.com/fetch-blob/-/fetch-blob-2.1.1.tgz#a54ab0d5ed7ccdb0691db77b6674308b23fb2237"
  integrity sha512-Uf+gxPCe1hTOFXwkxYyckn8iUSk6CFXGy5VENZKifovUTZC9eUODWSBhOBS7zICGrAetKzdwLMr85KhIcePMAQ==

fuzzyset.js@^1.0.5:
  version "1.0.6"
  resolved "https://registry.yarnpkg.com/fuzzyset.js/-/fuzzyset.js-1.0.6.tgz#c33da713ee7d052bc8399747cf578f40e0595588"
  integrity sha512-M16E9/d3Ogiy6XEWQ1CbTCqbULcNaEIg3Qxs0VKhdDSjH3kAskWBZKGyTFb6tPF9FfwSBDcrIjsMQ7R62dNOYw==

kanji.js@^1.2.2:
  version "1.2.2"
  resolved "https://registry.yarnpkg.com/kanji.js/-/kanji.js-1.2.2.tgz#3b026eeac7aba7f48ce9314c370406a8c0f90945"
  integrity sha512-azNvh7P0gqLwrK9hvoJFSZU68YBFi+ufe9kToRxQZcwYdUG+BmJQQzkU6IRrwAHKDjN7ctHIDpLF81bzGKZOog==
  dependencies:
    fuzzyset.js "^1.0.5"
    wanakana "^4.0.2"

stream@^0.0.2:
  version "0.0.2"
  resolved "https://registry.yarnpkg.com/stream/-/stream-0.0.2.tgz#7f5363f057f6592c5595f00bc80a27f5cec1f0ef"
  integrity sha1-f1Nj8Ff2WSxVlfALyAon9c7B8O8=
  dependencies:
    emitter-component "^1.1.1"

wanakana@^4.0.2:
  version "4.0.2"
  resolved "https://registry.yarnpkg.com/wanakana/-/wanakana-4.0.2.tgz#a7d60186724a56fd50e6e9c224628c09294901d8"
  integrity sha512-lBFtnLJhTpp5wQBdH7TrOHhLxqmUabAfL86plNN8+iffyhosjZyx+kkO8KEBGR8zWH5nxSQ67oyx3W/lcEC8sg==

xhr2@^0.2.0:
  version "0.2.0"
  resolved "https://registry.yarnpkg.com/xhr2/-/xhr2-0.2.0.tgz#eddeff782f3b7551061b8d75645085269396e521"
  integrity sha512-BDtiD0i2iKPK/S8OAZfpk6tyzEDnKKSjxWHcMBVmh+LuqJ8A32qXTyOx+TVOg2dKvq6zGBq2sgKPkEeRs1qTRA==
